
Microsoft Visual Studio Solution File, Format Version 12.00
# Visual Studio Version 16
VisualStudioVersion = 16.0.30803.129
MinimumVisualStudioVersion = 10.0.40219.1
Project("{9A19103F-16F7-4668-BE54-9A1E7A4F7556}") = "Glasswall.O365.FileHandler.App", "src\Glasswall.O365.FileHandler.App\Glasswall.O365.FileHandler.App.csproj", "{9E250FC4-BC4C-4EBE-93E8-35C705656E4F}"
EndProject
Project("{2150E333-8FDC-42A3-9474-1A3956D46DE8}") = "Solution Items", "Solution Items", "{12B45459-4D0B-4B67-A7FE-BFBD4DB38D92}"
	ProjectSection(SolutionItems) = preProject
		.editorconfig = .editorconfig
	EndProjectSection
EndProject
Global
	GlobalSection(SolutionConfigurationPlatforms) = preSolution
		Debug|Any CPU = Debug|Any CPU
		Release|Any CPU = Release|Any CPU
	EndGlobalSection
	GlobalSection(ProjectConfigurationPlatforms) = postSolution
		{9E250FC4-BC4C-4EBE-93E8-35C705656E4F}.Debug|Any CPU.ActiveCfg = Debug|Any CPU
		{9E250FC4-BC4C-4EBE-93E8-35C705656E4F}.Debug|Any CPU.Build.0 = Debug|Any CPU
		{9E250FC4-BC4C-4EBE-93E8-35C705656E4F}.Release|Any CPU.ActiveCfg = Release|Any CPU
		{9E250FC4-BC4C-4EBE-93E8-35C705656E4F}.Release|Any CPU.Build.0 = Release|Any CPU
	EndGlobalSection
	GlobalSection(SolutionProperties) = preSolution
		HideSolutionNode = FALSE
	EndGlobalSection
	GlobalSection(ExtensibilityGlobals) = postSolution
		SolutionGuid = {BC4E984C-A7EB-4EAE-AA3C-C973446B1BDC}
	EndGlobalSection
EndGlobal
